
Microsoft Visual Studio Solution File, Format Version 12.00
# Visual Studio Version 17
VisualStudioVersion = 17.14.36511.14 d17.14
MinimumVisualStudioVersion = 10.0.40219.1
Project("{FAE04EC0-301F-11D3-BF4B-00C04F79EFBC}") = "Proj-Listas-GerenciamentoDeProjetos", "Proj-Listas-GerenciamentoDeProjetos\Proj-Listas-GerenciamentoDeProjetos.csproj", "{6B3D57F9-70D9-4370-B83F-6DD513BFD477}"
EndProject
Global
	GlobalSection(SolutionConfigurationPlatforms) = preSolution
		Debug|Any CPU = Debug|Any CPU
		Release|Any CPU = Release|Any CPU
	EndGlobalSection
	GlobalSection(ProjectConfigurationPlatforms) = postSolution
		{6B3D57F9-70D9-4370-B83F-6DD513BFD477}.Debug|Any CPU.ActiveCfg = Debug|Any CPU
		{6B3D57F9-70D9-4370-B83F-6DD513BFD477}.Debug|Any CPU.Build.0 = Debug|Any CPU
		{6B3D57F9-70D9-4370-B83F-6DD513BFD477}.Release|Any CPU.ActiveCfg = Release|Any CPU
		{6B3D57F9-70D9-4370-B83F-6DD513BFD477}.Release|Any CPU.Build.0 = Release|Any CPU
	EndGlobalSection
	GlobalSection(SolutionProperties) = preSolution
		HideSolutionNode = FALSE
	EndGlobalSection
	GlobalSection(ExtensibilityGlobals) = postSolution
		SolutionGuid = {DBADCB11-37A4-4AE7-A0E2-2AB155A53010}
	EndGlobalSection
EndGlobal
