
Microsoft Visual Studio Solution File, Format Version 12.00
# Visual Studio Version 17
VisualStudioVersion = 17.14.36511.14 d17.14
MinimumVisualStudioVersion = 10.0.40219.1
Project("{FAE04EC0-301F-11D3-BF4B-00C04F79EFBC}") = "Proj-Listas_Biblioteca", "Proj-Listas_Biblioteca\Proj-Listas_Biblioteca.csproj", "{AD244E99-5BBD-49E8-9C6A-60A52B5AAAB3}"
EndProject
Global
	GlobalSection(SolutionConfigurationPlatforms) = preSolution
		Debug|Any CPU = Debug|Any CPU
		Release|Any CPU = Release|Any CPU
	EndGlobalSection
	GlobalSection(ProjectConfigurationPlatforms) = postSolution
		{AD244E99-5BBD-49E8-9C6A-60A52B5AAAB3}.Debug|Any CPU.ActiveCfg = Debug|Any CPU
		{AD244E99-5BBD-49E8-9C6A-60A52B5AAAB3}.Debug|Any CPU.Build.0 = Debug|Any CPU
		{AD244E99-5BBD-49E8-9C6A-60A52B5AAAB3}.Release|Any CPU.ActiveCfg = Release|Any CPU
		{AD244E99-5BBD-49E8-9C6A-60A52B5AAAB3}.Release|Any CPU.Build.0 = Release|Any CPU
	EndGlobalSection
	GlobalSection(SolutionProperties) = preSolution
		HideSolutionNode = FALSE
	EndGlobalSection
	GlobalSection(ExtensibilityGlobals) = postSolution
		SolutionGuid = {D98F72DB-B09A-4EE2-AC2B-4572EB72EED3}
	EndGlobalSection
EndGlobal
